
Microsoft Visual Studio Solution File, Format Version 12.00
# Visual Studio 14
VisualStudioVersion = 14.0.23107.0
MinimumVisualStudioVersion = 10.0.40219.1
Project("{FAE04EC0-301F-11D3-BF4B-00C04F79EFBC}") = "SportsStore.WebUI", "SportsStore.WebUI\SportsStore.WebUI.csproj", "{491035F8-F7F8-4D54-8269-36CBDC7B0772}"
EndProject
Project("{FAE04EC0-301F-11D3-BF4B-00C04F79EFBC}") = "SportsStore.Domain", "SportsStore.Domain\SportsStore.Domain.csproj", "{B6E1FE88-00AD-43C4-AD3D-995FC0FD6F2D}"
EndProject
Project("{FAE04EC0-301F-11D3-BF4B-00C04F79EFBC}") = "SportsStore.UnitTests", "SportsStore.UnitTests\SportsStore.UnitTests.csproj", "{FEAEC8DD-CEB1-4E27-B345-F1E6A20FEECC}"
EndProject
Global
	GlobalSection(SolutionConfigurationPlatforms) = preSolution
		Debug|Any CPU = Debug|Any CPU
		Release|Any CPU = Release|Any CPU
	EndGlobalSection
	GlobalSection(ProjectConfigurationPlatforms) = postSolution
		{491035F8-F7F8-4D54-8269-36CBDC7B0772}.Debug|Any CPU.ActiveCfg = Debug|Any CPU
		{491035F8-F7F8-4D54-8269-36CBDC7B0772}.Debug|Any CPU.Build.0 = Debug|Any CPU
		{491035F8-F7F8-4D54-8269-36CBDC7B0772}.Release|Any CPU.ActiveCfg = Release|Any CPU
		{491035F8-F7F8-4D54-8269-36CBDC7B0772}.Release|Any CPU.Build.0 = Release|Any CPU
		{B6E1FE88-00AD-43C4-AD3D-995FC0FD6F2D}.Debug|Any CPU.ActiveCfg = Debug|Any CPU
		{B6E1FE88-00AD-43C4-AD3D-995FC0FD6F2D}.Debug|Any CPU.Build.0 = Debug|Any CPU
		{B6E1FE88-00AD-43C4-AD3D-995FC0FD6F2D}.Release|Any CPU.ActiveCfg = Release|Any CPU
		{B6E1FE88-00AD-43C4-AD3D-995FC0FD6F2D}.Release|Any CPU.Build.0 = Release|Any CPU
		{FEAEC8DD-CEB1-4E27-B345-F1E6A20FEECC}.Debug|Any CPU.ActiveCfg = Debug|Any CPU
		{FEAEC8DD-CEB1-4E27-B345-F1E6A20FEECC}.Debug|Any CPU.Build.0 = Debug|Any CPU
		{FEAEC8DD-CEB1-4E27-B345-F1E6A20FEECC}.Release|Any CPU.ActiveCfg = Release|Any CPU
		{FEAEC8DD-CEB1-4E27-B345-F1E6A20FEECC}.Release|Any CPU.Build.0 = Release|Any CPU
	EndGlobalSection
	GlobalSection(SolutionProperties) = preSolution
		HideSolutionNode = FALSE
	EndGlobalSection
EndGlobal
